
Microsoft Visual Studio Solution File, Format Version 12.00
# Visual Studio Version 16
VisualStudioVersion = 16.0.31702.278
MinimumVisualStudioVersion = 10.0.40219.1
Project("{FAE04EC0-301F-11D3-BF4B-00C04F79EFBC}") = "Task4_1", "Task4\Task4_1.csproj", "{EA5249D9-A6AB-4BE2-BBE6-1AC8D46DA8D5}"
EndProject
Project("{FAE04EC0-301F-11D3-BF4B-00C04F79EFBC}") = "Task4_2", "Task4_2\Task4_2.csproj", "{7A0708BA-F440-4265-A89B-0549D3F9F44B}"
EndProject
Project("{FAE04EC0-301F-11D3-BF4B-00C04F79EFBC}") = "Task4_3", "Task4_3\Task4_3.csproj", "{1920BB86-3CAF-4420-9A11-4EF59D3D7822}"
EndProject
Global
	GlobalSection(SolutionConfigurationPlatforms) = preSolution
		Debug|Any CPU = Debug|Any CPU
		Release|Any CPU = Release|Any CPU
	EndGlobalSection
	GlobalSection(ProjectConfigurationPlatforms) = postSolution
		{EA5249D9-A6AB-4BE2-BBE6-1AC8D46DA8D5}.Debug|Any CPU.ActiveCfg = Debug|Any CPU
		{EA5249D9-A6AB-4BE2-BBE6-1AC8D46DA8D5}.Debug|Any CPU.Build.0 = Debug|Any CPU
		{EA5249D9-A6AB-4BE2-BBE6-1AC8D46DA8D5}.Release|Any CPU.ActiveCfg = Release|Any CPU
		{EA5249D9-A6AB-4BE2-BBE6-1AC8D46DA8D5}.Release|Any CPU.Build.0 = Release|Any CPU
		{7A0708BA-F440-4265-A89B-0549D3F9F44B}.Debug|Any CPU.ActiveCfg = Debug|Any CPU
		{7A0708BA-F440-4265-A89B-0549D3F9F44B}.Debug|Any CPU.Build.0 = Debug|Any CPU
		{7A0708BA-F440-4265-A89B-0549D3F9F44B}.Release|Any CPU.ActiveCfg = Release|Any CPU
		{7A0708BA-F440-4265-A89B-0549D3F9F44B}.Release|Any CPU.Build.0 = Release|Any CPU
		{1920BB86-3CAF-4420-9A11-4EF59D3D7822}.Debug|Any CPU.ActiveCfg = Debug|Any CPU
		{1920BB86-3CAF-4420-9A11-4EF59D3D7822}.Debug|Any CPU.Build.0 = Debug|Any CPU
		{1920BB86-3CAF-4420-9A11-4EF59D3D7822}.Release|Any CPU.ActiveCfg = Release|Any CPU
		{1920BB86-3CAF-4420-9A11-4EF59D3D7822}.Release|Any CPU.Build.0 = Release|Any CPU
	EndGlobalSection
	GlobalSection(SolutionProperties) = preSolution
		HideSolutionNode = FALSE
	EndGlobalSection
	GlobalSection(ExtensibilityGlobals) = postSolution
		SolutionGuid = {C773940A-41C2-4392-9B23-11C8DD9D9FAB}
	EndGlobalSection
EndGlobal
